
Microsoft Visual Studio Solution File, Format Version 12.00
# Visual Studio 15
VisualStudioVersion = 15.0.26403.3
MinimumVisualStudioVersion = 10.0.40219.1
Project("{FAE04EC0-301F-11D3-BF4B-00C04F79EFBC}") = "PointOfSale.Architecture", "PointOfSale.Architecture\PointOfSale.Architecture.csproj", "{32D8CB18-A96C-442D-9FF3-CDC10A9654A0}"
EndProject
Project("{FAE04EC0-301F-11D3-BF4B-00C04F79EFBC}") = "PointOfSale.Sample", "PointOfSale.Sample\PointOfSale.Sample.csproj", "{CEFED83C-181E-42E2-AB3B-895716575DBE}"
EndProject
Project("{FAE04EC0-301F-11D3-BF4B-00C04F79EFBC}") = "PointOfSale.Gui", "PointOfSale.Gui\PointOfSale.Gui.csproj", "{9ED9EF3F-6788-4B90-B29E-5D33A7BDA2B6}"
EndProject
Global
	GlobalSection(SolutionConfigurationPlatforms) = preSolution
		Debug|Any CPU = Debug|Any CPU
		Release|Any CPU = Release|Any CPU
	EndGlobalSection
	GlobalSection(ProjectConfigurationPlatforms) = postSolution
		{32D8CB18-A96C-442D-9FF3-CDC10A9654A0}.Debug|Any CPU.ActiveCfg = Debug|Any CPU
		{32D8CB18-A96C-442D-9FF3-CDC10A9654A0}.Debug|Any CPU.Build.0 = Debug|Any CPU
		{32D8CB18-A96C-442D-9FF3-CDC10A9654A0}.Release|Any CPU.ActiveCfg = Release|Any CPU
		{32D8CB18-A96C-442D-9FF3-CDC10A9654A0}.Release|Any CPU.Build.0 = Release|Any CPU
		{CEFED83C-181E-42E2-AB3B-895716575DBE}.Debug|Any CPU.ActiveCfg = Debug|Any CPU
		{CEFED83C-181E-42E2-AB3B-895716575DBE}.Debug|Any CPU.Build.0 = Debug|Any CPU
		{CEFED83C-181E-42E2-AB3B-895716575DBE}.Release|Any CPU.ActiveCfg = Release|Any CPU
		{CEFED83C-181E-42E2-AB3B-895716575DBE}.Release|Any CPU.Build.0 = Release|Any CPU
		{9ED9EF3F-6788-4B90-B29E-5D33A7BDA2B6}.Debug|Any CPU.ActiveCfg = Debug|Any CPU
		{9ED9EF3F-6788-4B90-B29E-5D33A7BDA2B6}.Debug|Any CPU.Build.0 = Debug|Any CPU
		{9ED9EF3F-6788-4B90-B29E-5D33A7BDA2B6}.Release|Any CPU.ActiveCfg = Release|Any CPU
		{9ED9EF3F-6788-4B90-B29E-5D33A7BDA2B6}.Release|Any CPU.Build.0 = Release|Any CPU
	EndGlobalSection
	GlobalSection(SolutionProperties) = preSolution
		HideSolutionNode = FALSE
	EndGlobalSection
EndGlobal
